
Microsoft Visual Studio Solution File, Format Version 12.00
# Visual Studio Version 17
VisualStudioVersion = 17.8.34330.188
MinimumVisualStudioVersion = 10.0.40219.1
Project("{FAE04EC0-301F-11D3-BF4B-00C04F79EFBC}") = "WebApplication2", "WebApplication2.csproj", "{EE4514C1-99FE-4234-B039-C7A0D40139FB}"
EndProject
Global
	GlobalSection(SolutionConfigurationPlatforms) = preSolution
		Debug|Any CPU = Debug|Any CPU
		Release|Any CPU = Release|Any CPU
	EndGlobalSection
	GlobalSection(ProjectConfigurationPlatforms) = postSolution
		{EE4514C1-99FE-4234-B039-C7A0D40139FB}.Debug|Any CPU.ActiveCfg = Debug|Any CPU
		{EE4514C1-99FE-4234-B039-C7A0D40139FB}.Debug|Any CPU.Build.0 = Debug|Any CPU
		{EE4514C1-99FE-4234-B039-C7A0D40139FB}.Release|Any CPU.ActiveCfg = Release|Any CPU
		{EE4514C1-99FE-4234-B039-C7A0D40139FB}.Release|Any CPU.Build.0 = Release|Any CPU
	EndGlobalSection
	GlobalSection(SolutionProperties) = preSolution
		HideSolutionNode = FALSE
	EndGlobalSection
	GlobalSection(ExtensibilityGlobals) = postSolution
		SolutionGuid = {3FA37DE7-A32B-462F-AA5C-DEE7C9F52A12}
	EndGlobalSection
EndGlobal
